// !$*UTF8*$!
{
	archiveVersion = 1;
	classes = {
	};
	objectVersion = 55;
	objects = {

/* Begin PBXBuildFile section */
		D63F47D2646322145BAA0DA0 /* Pods_DataProvider.framework in Frameworks */ = {isa = PBXBuildFile; fileRef = B22323BBCE392C93D6C53C81 /* Pods_DataProvider.framework */; };
		FA38C6002A27DE7C0099C188 /* RecipeComment.swift in Sources */ = {isa = PBXBuildFile; fileRef = FA38C5FF2A27DE7C0099C188 /* RecipeComment.swift */; };
		FA3B3297296D590600FEF004 /* Typealias.swift in Sources */ = {isa = PBXBuildFile; fileRef = FA3B3296296D590600FEF004 /* Typealias.swift */; };
		FA3B3299296D59DB00FEF004 /* RequestProtocol.swift in Sources */ = {isa = PBXBuildFile; fileRef = FA3B3298296D59DB00FEF004 /* RequestProtocol.swift */; };
		FA3B329B296D5A7500FEF004 /* DecodableResponseRequest.swift in Sources */ = {isa = PBXBuildFile; fileRef = FA3B329A296D5A7500FEF004 /* DecodableResponseRequest.swift */; };
		FA3DB65F29E7EA0B00888DB2 /* GetRecipeDetailsRequest.swift in Sources */ = {isa = PBXBuildFile; fileRef = FA3DB65E29E7EA0B00888DB2 /* GetRecipeDetailsRequest.swift */; };
		FA3DB66129E7EE4200888DB2 /* RecipeDetails.swift in Sources */ = {isa = PBXBuildFile; fileRef = FA3DB66029E7EE4200888DB2 /* RecipeDetails.swift */; };
		FA3DB66329E8719100888DB2 /* TimeOfRecipe.swift in Sources */ = {isa = PBXBuildFile; fileRef = FA3DB66229E8719100888DB2 /* TimeOfRecipe.swift */; };
		FA3DB66529E8739000888DB2 /* NumberOfPerson.swift in Sources */ = {isa = PBXBuildFile; fileRef = FA3DB66429E8739000888DB2 /* NumberOfPerson.swift */; };
		FA8D3BF629A34A61008056B5 /* Recipe.swift in Sources */ = {isa = PBXBuildFile; fileRef = FA8D3BF529A34A61008056B5 /* Recipe.swift */; };
		FA8D3BFB29A35029008056B5 /* BaseResponse.swift in Sources */ = {isa = PBXBuildFile; fileRef = FA8D3BFA29A35029008056B5 /* BaseResponse.swift */; };
		FA8D3BFD29A35072008056B5 /* Pagination.swift in Sources */ = {isa = PBXBuildFile; fileRef = FA8D3BFC29A35072008056B5 /* Pagination.swift */; };
		FA8D3C0429A380A9008056B5 /* Categories.swift in Sources */ = {isa = PBXBuildFile; fileRef = FA8D3C0329A380A9008056B5 /* Categories.swift */; };
		FA91092D296E803A005F8651 /* APIDecodableResponseRequest.swift in Sources */ = {isa = PBXBuildFile; fileRef = FA91092C296E803A005F8651 /* APIDecodableResponseRequest.swift */; };
		FA91092F296E8237005F8651 /* RequestMethod.swift in Sources */ = {isa = PBXBuildFile; fileRef = FA91092E296E8237005F8651 /* RequestMethod.swift */; };
		FA910931296E8263005F8651 /* RequestEncoding.swift in Sources */ = {isa = PBXBuildFile; fileRef = FA910930296E8263005F8651 /* RequestEncoding.swift */; };
		FA910933296E8286005F8651 /* DataProviderProtocol.swift in Sources */ = {isa = PBXBuildFile; fileRef = FA910932296E8286005F8651 /* DataProviderProtocol.swift */; };
		FAA819602964063B00B4C83A /* DataProvider.h in Headers */ = {isa = PBXBuildFile; fileRef = FAA8195F2964063B00B4C83A /* DataProvider.h */; settings = {ATTRIBUTES = (Public, ); }; };
		FAB60DAC297FD21400F1DB9A /* RegisterRequest.swift in Sources */ = {isa = PBXBuildFile; fileRef = FAB60DAB297FD21400F1DB9A /* RegisterRequest.swift */; };
		FAB60DAF297FD48200F1DB9A /* Auth.swift in Sources */ = {isa = PBXBuildFile; fileRef = FAB60DAE297FD48200F1DB9A /* Auth.swift */; };
		FAB60DB1297FD4AA00F1DB9A /* User.swift in Sources */ = {isa = PBXBuildFile; fileRef = FAB60DB0297FD4AA00F1DB9A /* User.swift */; };
		FAB60DB3297FD4C200F1DB9A /* Image.swift in Sources */ = {isa = PBXBuildFile; fileRef = FAB60DB2297FD4C200F1DB9A /* Image.swift */; };
		FABFE91F29B70F4600F78DFD /* GetCategoryRecipesRequest.swift in Sources */ = {isa = PBXBuildFile; fileRef = FABFE91E29B70F4600F78DFD /* GetCategoryRecipesRequest.swift */; };
		FABFE92129B70F7B00F78DFD /* CategoryRecipes.swift in Sources */ = {isa = PBXBuildFile; fileRef = FABFE92029B70F7B00F78DFD /* CategoryRecipes.swift */; };
		FACE72EC2989117E001B98D4 /* LoginRequest.swift in Sources */ = {isa = PBXBuildFile; fileRef = FACE72EB2989117E001B98D4 /* LoginRequest.swift */; };
		FACE72F72989384A001B98D4 /* ForgotPasswordRequest.swift in Sources */ = {isa = PBXBuildFile; fileRef = FACE72F62989384A001B98D4 /* ForgotPasswordRequest.swift */; };
		FADE8AD2299AAB64008A1A83 /* LogoutRequest.swift in Sources */ = {isa = PBXBuildFile; fileRef = FADE8AD1299AAB64008A1A83 /* LogoutRequest.swift */; };
		FAF3DCD829B0AC0700DDE6D8 /* FodamyRequest.swift in Sources */ = {isa = PBXBuildFile; fileRef = FAF3DCD729B0AC0700DDE6D8 /* FodamyRequest.swift */; };
		FAF3DCDA29B0B55C00DDE6D8 /* GetRecipesRequestRequest.swift in Sources */ = {isa = PBXBuildFile; fileRef = FAF3DCD929B0B55C00DDE6D8 /* GetRecipesRequestRequest.swift */; };
/* End PBXBuildFile section */

/* Begin PBXFileReference section */
		3D06315C570B04684262DCC9 /* Pods-DataProvider.debug.xcconfig */ = {isa = PBXFileReference; includeInIndex = 1; lastKnownFileType = text.xcconfig; name = "Pods-DataProvider.debug.xcconfig"; path = "Target Support Files/Pods-DataProvider/Pods-DataProvider.debug.xcconfig"; sourceTree = "<group>"; };
		9D327312A71D591A66632443 /* Pods-DataProvider.release.xcconfig */ = {isa = PBXFileReference; includeInIndex = 1; lastKnownFileType = text.xcconfig; name = "Pods-DataProvider.release.xcconfig"; path = "Target Support Files/Pods-DataProvider/Pods-DataProvider.release.xcconfig"; sourceTree = "<group>"; };
		B22323BBCE392C93D6C53C81 /* Pods_DataProvider.framework */ = {isa = PBXFileReference; explicitFileType = wrapper.framework; includeInIndex = 0; path = Pods_DataProvider.framework; sourceTree = BUILT_PRODUCTS_DIR; };
		FA38C5FF2A27DE7C0099C188 /* RecipeComment.swift */ = {isa = PBXFileReference; lastKnownFileType = sourcecode.swift; path = RecipeComment.swift; sourceTree = "<group>"; };
		FA3B3296296D590600FEF004 /* Typealias.swift */ = {isa = PBXFileReference; lastKnownFileType = sourcecode.swift; path = Typealias.swift; sourceTree = "<group>"; };
		FA3B3298296D59DB00FEF004 /* RequestProtocol.swift */ = {isa = PBXFileReference; lastKnownFileType = sourcecode.swift; path = RequestProtocol.swift; sourceTree = "<group>"; };
		FA3B329A296D5A7500FEF004 /* DecodableResponseRequest.swift */ = {isa = PBXFileReference; lastKnownFileType = sourcecode.swift; path = DecodableResponseRequest.swift; sourceTree = "<group>"; };
		FA3DB65E29E7EA0B00888DB2 /* GetRecipeDetailsRequest.swift */ = {isa = PBXFileReference; lastKnownFileType = sourcecode.swift; path = GetRecipeDetailsRequest.swift; sourceTree = "<group>"; };
		FA3DB66029E7EE4200888DB2 /* RecipeDetails.swift */ = {isa = PBXFileReference; lastKnownFileType = sourcecode.swift; path = RecipeDetails.swift; sourceTree = "<group>"; };
		FA3DB66229E8719100888DB2 /* TimeOfRecipe.swift */ = {isa = PBXFileReference; lastKnownFileType = sourcecode.swift; path = TimeOfRecipe.swift; sourceTree = "<group>"; };
		FA3DB66429E8739000888DB2 /* NumberOfPerson.swift */ = {isa = PBXFileReference; lastKnownFileType = sourcecode.swift; path = NumberOfPerson.swift; sourceTree = "<group>"; };
		FA8D3BF529A34A61008056B5 /* Recipe.swift */ = {isa = PBXFileReference; lastKnownFileType = sourcecode.swift; path = Recipe.swift; sourceTree = "<group>"; };
		FA8D3BFA29A35029008056B5 /* BaseResponse.swift */ = {isa = PBXFileReference; lastKnownFileType = sourcecode.swift; path = BaseResponse.swift; sourceTree = "<group>"; };
		FA8D3BFC29A35072008056B5 /* Pagination.swift */ = {isa = PBXFileReference; lastKnownFileType = sourcecode.swift; path = Pagination.swift; sourceTree = "<group>"; };
		FA8D3C0329A380A9008056B5 /* Categories.swift */ = {isa = PBXFileReference; lastKnownFileType = sourcecode.swift; path = Categories.swift; sourceTree = "<group>"; };
		FA91092C296E803A005F8651 /* APIDecodableResponseRequest.swift */ = {isa = PBXFileReference; lastKnownFileType = sourcecode.swift; path = APIDecodableResponseRequest.swift; sourceTree = "<group>"; };
		FA91092E296E8237005F8651 /* RequestMethod.swift */ = {isa = PBXFileReference; lastKnownFileType = sourcecode.swift; path = RequestMethod.swift; sourceTree = "<group>"; };
		FA910930296E8263005F8651 /* RequestEncoding.swift */ = {isa = PBXFileReference; lastKnownFileType = sourcecode.swift; path = RequestEncoding.swift; sourceTree = "<group>"; };
		FA910932296E8286005F8651 /* DataProviderProtocol.swift */ = {isa = PBXFileReference; lastKnownFileType = sourcecode.swift; path = DataProviderProtocol.swift; sourceTree = "<group>"; };
		FAA8195C2964063B00B4C83A /* DataProvider.framework */ = {isa = PBXFileReference; explicitFileType = wrapper.framework; includeInIndex = 0; path = DataProvider.framework; sourceTree = BUILT_PRODUCTS_DIR; };
		FAA8195F2964063B00B4C83A /* DataProvider.h */ = {isa = PBXFileReference; lastKnownFileType = sourcecode.c.h; path = DataProvider.h; sourceTree = "<group>"; };
		FAB60DAB297FD21400F1DB9A /* RegisterRequest.swift */ = {isa = PBXFileReference; lastKnownFileType = sourcecode.swift; path = RegisterRequest.swift; sourceTree = "<group>"; };
		FAB60DAE297FD48200F1DB9A /* Auth.swift */ = {isa = PBXFileReference; lastKnownFileType = sourcecode.swift; path = Auth.swift; sourceTree = "<group>"; };
		FAB60DB0297FD4AA00F1DB9A /* User.swift */ = {isa = PBXFileReference; lastKnownFileType = sourcecode.swift; path = User.swift; sourceTree = "<group>"; };
		FAB60DB2297FD4C200F1DB9A /* Image.swift */ = {isa = PBXFileReference; lastKnownFileType = sourcecode.swift; path = Image.swift; sourceTree = "<group>"; };
		FABFE91E29B70F4600F78DFD /* GetCategoryRecipesRequest.swift */ = {isa = PBXFileReference; lastKnownFileType = sourcecode.swift; path = GetCategoryRecipesRequest.swift; sourceTree = "<group>"; };
		FABFE92029B70F7B00F78DFD /* CategoryRecipes.swift */ = {isa = PBXFileReference; lastKnownFileType = sourcecode.swift; path = CategoryRecipes.swift; sourceTree = "<group>"; };
		FACE72EB2989117E001B98D4 /* LoginRequest.swift */ = {isa = PBXFileReference; lastKnownFileType = sourcecode.swift; path = LoginRequest.swift; sourceTree = "<group>"; };
		FACE72F62989384A001B98D4 /* ForgotPasswordRequest.swift */ = {isa = PBXFileReference; lastKnownFileType = sourcecode.swift; path = ForgotPasswordRequest.swift; sourceTree = "<group>"; };
		FADE8AD1299AAB64008A1A83 /* LogoutRequest.swift */ = {isa = PBXFileReference; lastKnownFileType = sourcecode.swift; path = LogoutRequest.swift; sourceTree = "<group>"; };
		FAF3DCD729B0AC0700DDE6D8 /* FodamyRequest.swift */ = {isa = PBXFileReference; lastKnownFileType = sourcecode.swift; path = FodamyRequest.swift; sourceTree = "<group>"; };
		FAF3DCD929B0B55C00DDE6D8 /* GetRecipesRequestRequest.swift */ = {isa = PBXFileReference; lastKnownFileType = sourcecode.swift; path = GetRecipesRequestRequest.swift; sourceTree = "<group>"; };
/* End PBXFileReference section */

/* Begin PBXFrameworksBuildPhase section */
		FAA819592964063B00B4C83A /* Frameworks */ = {
			isa = PBXFrameworksBuildPhase;
			buildActionMask = 2147483647;
			files = (
				D63F47D2646322145BAA0DA0 /* Pods_DataProvider.framework in Frameworks */,
			);
			runOnlyForDeploymentPostprocessing = 0;
		};
/* End PBXFrameworksBuildPhase section */

/* Begin PBXGroup section */
		8BB0222248273A9DB7BEDF7D /* Pods */ = {
			isa = PBXGroup;
			children = (
				3D06315C570B04684262DCC9 /* Pods-DataProvider.debug.xcconfig */,
				9D327312A71D591A66632443 /* Pods-DataProvider.release.xcconfig */,
			);
			name = Pods;
			path = ../Pods;
			sourceTree = "<group>";
		};
		BD1106F7CA1B157C2A1B7F20 /* Frameworks */ = {
			isa = PBXGroup;
			children = (
				B22323BBCE392C93D6C53C81 /* Pods_DataProvider.framework */,
			);
			name = Frameworks;
			sourceTree = "<group>";
		};
		FA3B3295296D493500FEF004 /* Core */ = {
			isa = PBXGroup;
			children = (
				FA3B3296296D590600FEF004 /* Typealias.swift */,
				FA3B3298296D59DB00FEF004 /* RequestProtocol.swift */,
				FA3B329A296D5A7500FEF004 /* DecodableResponseRequest.swift */,
				FA91092C296E803A005F8651 /* APIDecodableResponseRequest.swift */,
				FA91092E296E8237005F8651 /* RequestMethod.swift */,
				FA910930296E8263005F8651 /* RequestEncoding.swift */,
				FA910932296E8286005F8651 /* DataProviderProtocol.swift */,
				FAF3DCD729B0AC0700DDE6D8 /* FodamyRequest.swift */,
			);
			path = Core;
			sourceTree = "<group>";
		};
		FA8D3BF729A34C5C008056B5 /* Recipe */ = {
			isa = PBXGroup;
			children = (
				FAF3DCD929B0B55C00DDE6D8 /* GetRecipesRequestRequest.swift */,
				FABFE91E29B70F4600F78DFD /* GetCategoryRecipesRequest.swift */,
				FA3DB65E29E7EA0B00888DB2 /* GetRecipeDetailsRequest.swift */,
			);
			path = Recipe;
			sourceTree = "<group>";
		};
		FAA819522964063B00B4C83A = {
			isa = PBXGroup;
			children = (
				FAA8195E2964063B00B4C83A /* DataProvider */,
				FAA8195D2964063B00B4C83A /* Products */,
				8BB0222248273A9DB7BEDF7D /* Pods */,
				BD1106F7CA1B157C2A1B7F20 /* Frameworks */,
			);
			sourceTree = "<group>";
		};
		FAA8195D2964063B00B4C83A /* Products */ = {
			isa = PBXGroup;
			children = (
				FAA8195C2964063B00B4C83A /* DataProvider.framework */,
			);
			name = Products;
			sourceTree = "<group>";
		};
		FAA8195E2964063B00B4C83A /* DataProvider */ = {
			isa = PBXGroup;
			children = (
				FAB60DAD297FD46F00F1DB9A /* Model */,
				FAB60DA9297FD1F600F1DB9A /* Request */,
				FA3B3295296D493500FEF004 /* Core */,
				FAA8195F2964063B00B4C83A /* DataProvider.h */,
			);
			path = DataProvider;
			sourceTree = "<group>";
		};
		FAB60DA9297FD1F600F1DB9A /* Request */ = {
			isa = PBXGroup;
			children = (
				FA8D3BF729A34C5C008056B5 /* Recipe */,
				FAB60DAA297FD20100F1DB9A /* Auth */,
			);
			path = Request;
			sourceTree = "<group>";
		};
		FAB60DAA297FD20100F1DB9A /* Auth */ = {
			isa = PBXGroup;
			children = (
				FAB60DAB297FD21400F1DB9A /* RegisterRequest.swift */,
				FACE72EB2989117E001B98D4 /* LoginRequest.swift */,
				FACE72F62989384A001B98D4 /* ForgotPasswordRequest.swift */,
				FADE8AD1299AAB64008A1A83 /* LogoutRequest.swift */,
			);
			path = Auth;
			sourceTree = "<group>";
		};
		FAB60DAD297FD46F00F1DB9A /* Model */ = {
			isa = PBXGroup;
			children = (
				FAB60DAE297FD48200F1DB9A /* Auth.swift */,
				FAB60DB0297FD4AA00F1DB9A /* User.swift */,
				FAB60DB2297FD4C200F1DB9A /* Image.swift */,
				FA8D3BF529A34A61008056B5 /* Recipe.swift */,
				FA8D3BFA29A35029008056B5 /* BaseResponse.swift */,
				FA8D3BFC29A35072008056B5 /* Pagination.swift */,
				FA8D3C0329A380A9008056B5 /* Categories.swift */,
				FABFE92029B70F7B00F78DFD /* CategoryRecipes.swift */,
				FA3DB66029E7EE4200888DB2 /* RecipeDetails.swift */,
				FA3DB66229E8719100888DB2 /* TimeOfRecipe.swift */,
				FA3DB66429E8739000888DB2 /* NumberOfPerson.swift */,
				FA38C5FF2A27DE7C0099C188 /* RecipeComment.swift */,
			);
			path = Model;
			sourceTree = "<group>";
		};
/* End PBXGroup section */

/* Begin PBXHeadersBuildPhase section */
		FAA819572964063B00B4C83A /* Headers */ = {
			isa = PBXHeadersBuildPhase;
			buildActionMask = 2147483647;
			files = (
				FAA819602964063B00B4C83A /* DataProvider.h in Headers */,
			);
			runOnlyForDeploymentPostprocessing = 0;
		};
/* End PBXHeadersBuildPhase section */

/* Begin PBXNativeTarget section */
		FAA8195B2964063B00B4C83A /* DataProvider */ = {
			isa = PBXNativeTarget;
			buildConfigurationList = FAA819632964063B00B4C83A /* Build configuration list for PBXNativeTarget "DataProvider" */;
			buildPhases = (
				3E2A427061DA964A10747B49 /* [CP] Check Pods Manifest.lock */,
				FAA819572964063B00B4C83A /* Headers */,
				FAA819582964063B00B4C83A /* Sources */,
				FAA819592964063B00B4C83A /* Frameworks */,
				FAA8195A2964063B00B4C83A /* Resources */,
			);
			buildRules = (
			);
			dependencies = (
			);
			name = DataProvider;
			productName = DataProvider;
			productReference = FAA8195C2964063B00B4C83A /* DataProvider.framework */;
			productType = "com.apple.product-type.framework";
		};
/* End PBXNativeTarget section */

/* Begin PBXProject section */
		FAA819532964063B00B4C83A /* Project object */ = {
			isa = PBXProject;
			attributes = {
				BuildIndependentTargetsInParallel = 1;
				LastUpgradeCheck = 1340;
				TargetAttributes = {
					FAA8195B2964063B00B4C83A = {
						CreatedOnToolsVersion = 13.4.1;
						LastSwiftMigration = 1340;
					};
				};
			};
			buildConfigurationList = FAA819562964063B00B4C83A /* Build configuration list for PBXProject "DataProvider" */;
			compatibilityVersion = "Xcode 13.0";
			developmentRegion = en;
			hasScannedForEncodings = 0;
			knownRegions = (
				en,
				Base,
			);
			mainGroup = FAA819522964063B00B4C83A;
			productRefGroup = FAA8195D2964063B00B4C83A /* Products */;
			projectDirPath = "";
			projectRoot = "";
			targets = (
				FAA8195B2964063B00B4C83A /* DataProvider */,
			);
		};
/* End PBXProject section */

/* Begin PBXResourcesBuildPhase section */
		FAA8195A2964063B00B4C83A /* Resources */ = {
			isa = PBXResourcesBuildPhase;
			buildActionMask = 2147483647;
			files = (
			);
			runOnlyForDeploymentPostprocessing = 0;
		};
/* End PBXResourcesBuildPhase section */

/* Begin PBXShellScriptBuildPhase section */
		3E2A427061DA964A10747B49 /* [CP] Check Pods Manifest.lock */ = {
			isa = PBXShellScriptBuildPhase;
			buildActionMask = 2147483647;
			files = (
			);
			inputFileListPaths = (
			);
			inputPaths = (
				"${PODS_PODFILE_DIR_PATH}/Podfile.lock",
				"${PODS_ROOT}/Manifest.lock",
			);
			name = "[CP] Check Pods Manifest.lock";
			outputFileListPaths = (
			);
			outputPaths = (
				"$(DERIVED_FILE_DIR)/Pods-DataProvider-checkManifestLockResult.txt",
			);
			runOnlyForDeploymentPostprocessing = 0;
			shellPath = /bin/sh;
			shellScript = "diff \"${PODS_PODFILE_DIR_PATH}/Podfile.lock\" \"${PODS_ROOT}/Manifest.lock\" > /dev/null\nif [ $? != 0 ] ; then\n    # print error to STDERR\n    echo \"error: The sandbox is not in sync with the Podfile.lock. Run 'pod install' or update your CocoaPods installation.\" >&2\n    exit 1\nfi\n# This output is used by Xcode 'outputs' to avoid re-running this script phase.\necho \"SUCCESS\" > \"${SCRIPT_OUTPUT_FILE_0}\"\n";
			showEnvVarsInLog = 0;
		};
/* End PBXShellScriptBuildPhase section */

/* Begin PBXSourcesBuildPhase section */
		FAA819582964063B00B4C83A /* Sources */ = {
			isa = PBXSourcesBuildPhase;
			buildActionMask = 2147483647;
			files = (
				FA3DB66529E8739000888DB2 /* NumberOfPerson.swift in Sources */,
				FA3DB66329E8719100888DB2 /* TimeOfRecipe.swift in Sources */,
				FA3B329B296D5A7500FEF004 /* DecodableResponseRequest.swift in Sources */,
				FABFE92129B70F7B00F78DFD /* CategoryRecipes.swift in Sources */,
				FA3B3297296D590600FEF004 /* Typealias.swift in Sources */,
				FABFE91F29B70F4600F78DFD /* GetCategoryRecipesRequest.swift in Sources */,
				FA3DB65F29E7EA0B00888DB2 /* GetRecipeDetailsRequest.swift in Sources */,
				FAF3DCD829B0AC0700DDE6D8 /* FodamyRequest.swift in Sources */,
				FA910931296E8263005F8651 /* RequestEncoding.swift in Sources */,
				FACE72EC2989117E001B98D4 /* LoginRequest.swift in Sources */,
				FA910933296E8286005F8651 /* DataProviderProtocol.swift in Sources */,
				FA3B3299296D59DB00FEF004 /* RequestProtocol.swift in Sources */,
				FA91092F296E8237005F8651 /* RequestMethod.swift in Sources */,
				FA8D3BFB29A35029008056B5 /* BaseResponse.swift in Sources */,
				FA3DB66129E7EE4200888DB2 /* RecipeDetails.swift in Sources */,
				FAB60DAC297FD21400F1DB9A /* RegisterRequest.swift in Sources */,
				FA91092D296E803A005F8651 /* APIDecodableResponseRequest.swift in Sources */,
				FA8D3BF629A34A61008056B5 /* Recipe.swift in Sources */,
				FAB60DB1297FD4AA00F1DB9A /* User.swift in Sources */,
				FA38C6002A27DE7C0099C188 /* RecipeComment.swift in Sources */,
				FAB60DB3297FD4C200F1DB9A /* Image.swift in Sources */,
				FADE8AD2299AAB64008A1A83 /* LogoutRequest.swift in Sources */,
				FAF3DCDA29B0B55C00DDE6D8 /* GetRecipesRequestRequest.swift in Sources */,
				FA8D3BFD29A35072008056B5 /* Pagination.swift in Sources */,
				FAB60DAF297FD48200F1DB9A /* Auth.swift in Sources */,
				FA8D3C0429A380A9008056B5 /* Categories.swift in Sources */,
				FACE72F72989384A001B98D4 /* ForgotPasswordRequest.swift in Sources */,
			);
			runOnlyForDeploymentPostprocessing = 0;
		};
/* End PBXSourcesBuildPhase section */

/* Begin XCBuildConfiguration section */
		FAA819612964063B00B4C83A /* Debug */ = {
			isa = XCBuildConfiguration;
			buildSettings = {
				ALWAYS_SEARCH_USER_PATHS = NO;
				CLANG_ANALYZER_NONNULL = YES;
				CLANG_ANALYZER_NUMBER_OBJECT_CONVERSION = YES_AGGRESSIVE;
				CLANG_CXX_LANGUAGE_STANDARD = "gnu++17";
				CLANG_ENABLE_MODULES = YES;
				CLANG_ENABLE_OBJC_ARC = YES;
				CLANG_ENABLE_OBJC_WEAK = YES;
				CLANG_WARN_BLOCK_CAPTURE_AUTORELEASING = YES;
				CLANG_WARN_BOOL_CONVERSION = YES;
				CLANG_WARN_COMMA = YES;
				CLANG_WARN_CONSTANT_CONVERSION = YES;
				CLANG_WARN_DEPRECATED_OBJC_IMPLEMENTATIONS = YES;
				CLANG_WARN_DIRECT_OBJC_ISA_USAGE = YES_ERROR;
				CLANG_WARN_DOCUMENTATION_COMMENTS = YES;
				CLANG_WARN_EMPTY_BODY = YES;
				CLANG_WARN_ENUM_CONVERSION = YES;
				CLANG_WARN_INFINITE_RECURSION = YES;
				CLANG_WARN_INT_CONVERSION = YES;
				CLANG_WARN_NON_LITERAL_NULL_CONVERSION = YES;
				CLANG_WARN_OBJC_IMPLICIT_RETAIN_SELF = YES;
				CLANG_WARN_OBJC_LITERAL_CONVERSION = YES;
				CLANG_WARN_OBJC_ROOT_CLASS = YES_ERROR;
				CLANG_WARN_QUOTED_INCLUDE_IN_FRAMEWORK_HEADER = YES;
				CLANG_WARN_RANGE_LOOP_ANALYSIS = YES;
				CLANG_WARN_STRICT_PROTOTYPES = YES;
				CLANG_WARN_SUSPICIOUS_MOVE = YES;
				CLANG_WARN_UNGUARDED_AVAILABILITY = YES_AGGRESSIVE;
				CLANG_WARN_UNREACHABLE_CODE = YES;
				CLANG_WARN__DUPLICATE_METHOD_MATCH = YES;
				COPY_PHASE_STRIP = NO;
				CURRENT_PROJECT_VERSION = 1;
				DEBUG_INFORMATION_FORMAT = dwarf;
				ENABLE_STRICT_OBJC_MSGSEND = YES;
				ENABLE_TESTABILITY = YES;
				GCC_C_LANGUAGE_STANDARD = gnu11;
				GCC_DYNAMIC_NO_PIC = NO;
				GCC_NO_COMMON_BLOCKS = YES;
				GCC_OPTIMIZATION_LEVEL = 0;
				GCC_PREPROCESSOR_DEFINITIONS = (
					"DEBUG=1",
					"$(inherited)",
				);
				GCC_WARN_64_TO_32_BIT_CONVERSION = YES;
				GCC_WARN_ABOUT_RETURN_TYPE = YES_ERROR;
				GCC_WARN_UNDECLARED_SELECTOR = YES;
				GCC_WARN_UNINITIALIZED_AUTOS = YES_AGGRESSIVE;
				GCC_WARN_UNUSED_FUNCTION = YES;
				GCC_WARN_UNUSED_VARIABLE = YES;
				IPHONEOS_DEPLOYMENT_TARGET = 11.0;
				MTL_ENABLE_DEBUG_INFO = INCLUDE_SOURCE;
				MTL_FAST_MATH = YES;
				ONLY_ACTIVE_ARCH = YES;
				SDKROOT = iphoneos;
				SWIFT_ACTIVE_COMPILATION_CONDITIONS = DEBUG;
				SWIFT_OPTIMIZATION_LEVEL = "-Onone";
				VERSIONING_SYSTEM = "apple-generic";
				VERSION_INFO_PREFIX = "";
			};
			name = Debug;
		};
		FAA819622964063B00B4C83A /* Release */ = {
			isa = XCBuildConfiguration;
			buildSettings = {
				ALWAYS_SEARCH_USER_PATHS = NO;
				CLANG_ANALYZER_NONNULL = YES;
				CLANG_ANALYZER_NUMBER_OBJECT_CONVERSION = YES_AGGRESSIVE;
				CLANG_CXX_LANGUAGE_STANDARD = "gnu++17";
				CLANG_ENABLE_MODULES = YES;
				CLANG_ENABLE_OBJC_ARC = YES;
				CLANG_ENABLE_OBJC_WEAK = YES;
				CLANG_WARN_BLOCK_CAPTURE_AUTORELEASING = YES;
				CLANG_WARN_BOOL_CONVERSION = YES;
				CLANG_WARN_COMMA = YES;
				CLANG_WARN_CONSTANT_CONVERSION = YES;
				CLANG_WARN_DEPRECATED_OBJC_IMPLEMENTATIONS = YES;
				CLANG_WARN_DIRECT_OBJC_ISA_USAGE = YES_ERROR;
				CLANG_WARN_DOCUMENTATION_COMMENTS = YES;
				CLANG_WARN_EMPTY_BODY = YES;
				CLANG_WARN_ENUM_CONVERSION = YES;
				CLANG_WARN_INFINITE_RECURSION = YES;
				CLANG_WARN_INT_CONVERSION = YES;
				CLANG_WARN_NON_LITERAL_NULL_CONVERSION = YES;
				CLANG_WARN_OBJC_IMPLICIT_RETAIN_SELF = YES;
				CLANG_WARN_OBJC_LITERAL_CONVERSION = YES;
				CLANG_WARN_OBJC_ROOT_CLASS = YES_ERROR;
				CLANG_WARN_QUOTED_INCLUDE_IN_FRAMEWORK_HEADER = YES;
				CLANG_WARN_RANGE_LOOP_ANALYSIS = YES;
				CLANG_WARN_STRICT_PROTOTYPES = YES;
				CLANG_WARN_SUSPICIOUS_MOVE = YES;
				CLANG_WARN_UNGUARDED_AVAILABILITY = YES_AGGRESSIVE;
				CLANG_WARN_UNREACHABLE_CODE = YES;
				CLANG_WARN__DUPLICATE_METHOD_MATCH = YES;
				COPY_PHASE_STRIP = NO;
				CURRENT_PROJECT_VERSION = 1;
				DEBUG_INFORMATION_FORMAT = "dwarf-with-dsym";
				ENABLE_NS_ASSERTIONS = NO;
				ENABLE_STRICT_OBJC_MSGSEND = YES;
				GCC_C_LANGUAGE_STANDARD = gnu11;
				GCC_NO_COMMON_BLOCKS = YES;
				GCC_WARN_64_TO_32_BIT_CONVERSION = YES;
				GCC_WARN_ABOUT_RETURN_TYPE = YES_ERROR;
				GCC_WARN_UNDECLARED_SELECTOR = YES;
				GCC_WARN_UNINITIALIZED_AUTOS = YES_AGGRESSIVE;
				GCC_WARN_UNUSED_FUNCTION = YES;
				GCC_WARN_UNUSED_VARIABLE = YES;
				IPHONEOS_DEPLOYMENT_TARGET = 11.0;
				MTL_ENABLE_DEBUG_INFO = NO;
				MTL_FAST_MATH = YES;
				SDKROOT = iphoneos;
				SWIFT_COMPILATION_MODE = wholemodule;
				SWIFT_OPTIMIZATION_LEVEL = "-O";
				VALIDATE_PRODUCT = YES;
				VERSIONING_SYSTEM = "apple-generic";
				VERSION_INFO_PREFIX = "";
			};
			name = Release;
		};
		FAA819642964063B00B4C83A /* Debug */ = {
			isa = XCBuildConfiguration;
			baseConfigurationReference = 3D06315C570B04684262DCC9 /* Pods-DataProvider.debug.xcconfig */;
			buildSettings = {
				CLANG_ENABLE_MODULES = YES;
				CODE_SIGN_STYLE = Automatic;
				CURRENT_PROJECT_VERSION = 1;
				DEFINES_MODULE = YES;
				DEVELOPMENT_TEAM = 6KBC8FTKD3;
				DYLIB_COMPATIBILITY_VERSION = 1;
				DYLIB_CURRENT_VERSION = 1;
				DYLIB_INSTALL_NAME_BASE = "@rpath";
				GENERATE_INFOPLIST_FILE = YES;
				INFOPLIST_KEY_NSHumanReadableCopyright = "";
				INSTALL_PATH = "$(LOCAL_LIBRARY_DIR)/Frameworks";
				IPHONEOS_DEPLOYMENT_TARGET = 11.0;
				LD_RUNPATH_SEARCH_PATHS = (
					"$(inherited)",
					"@executable_path/Frameworks",
					"@loader_path/Frameworks",
				);
				MARKETING_VERSION = 1.0;
				PRODUCT_BUNDLE_IDENTIFIER = UmitBakiDikbiyik.DataProvider;
				PRODUCT_NAME = "$(TARGET_NAME:c99extidentifier)";
				SKIP_INSTALL = YES;
				SWIFT_EMIT_LOC_STRINGS = YES;
				SWIFT_OPTIMIZATION_LEVEL = "-Onone";
				SWIFT_VERSION = 5.0;
				TARGETED_DEVICE_FAMILY = "1,2";
			};
			name = Debug;
		};
		FAA819652964063B00B4C83A /* Release */ = {
			isa = XCBuildConfiguration;
			baseConfigurationReference = 9D327312A71D591A66632443 /* Pods-DataProvider.release.xcconfig */;
			buildSettings = {
				CLANG_ENABLE_MODULES = YES;
				CODE_SIGN_STYLE = Automatic;
				CURRENT_PROJECT_VERSION = 1;
				DEFINES_MODULE = YES;
				DEVELOPMENT_TEAM = 6KBC8FTKD3;
				DYLIB_COMPATIBILITY_VERSION = 1;
				DYLIB_CURRENT_VERSION = 1;
				DYLIB_INSTALL_NAME_BASE = "@rpath";
				GENERATE_INFOPLIST_FILE = YES;
				INFOPLIST_KEY_NSHumanReadableCopyright = "";
				INSTALL_PATH = "$(LOCAL_LIBRARY_DIR)/Frameworks";
				IPHONEOS_DEPLOYMENT_TARGET = 11.0;
				LD_RUNPATH_SEARCH_PATHS = (
					"$(inherited)",
					"@executable_path/Frameworks",
					"@loader_path/Frameworks",
				);
				MARKETING_VERSION = 1.0;
				PRODUCT_BUNDLE_IDENTIFIER = UmitBakiDikbiyik.DataProvider;
				PRODUCT_NAME = "$(TARGET_NAME:c99extidentifier)";
				SKIP_INSTALL = YES;
				SWIFT_EMIT_LOC_STRINGS = YES;
				SWIFT_VERSION = 5.0;
				TARGETED_DEVICE_FAMILY = "1,2";
			};
			name = Release;
		};
/* End XCBuildConfiguration section */

/* Begin XCConfigurationList section */
		FAA819562964063B00B4C83A /* Build configuration list for PBXProject "DataProvider" */ = {
			isa = XCConfigurationList;
			buildConfigurations = (
				FAA819612964063B00B4C83A /* Debug */,
				FAA819622964063B00B4C83A /* Release */,
			);
			defaultConfigurationIsVisible = 0;
			defaultConfigurationName = Release;
		};
		FAA819632964063B00B4C83A /* Build configuration list for PBXNativeTarget "DataProvider" */ = {
			isa = XCConfigurationList;
			buildConfigurations = (
				FAA819642964063B00B4C83A /* Debug */,
				FAA819652964063B00B4C83A /* Release */,
			);
			defaultConfigurationIsVisible = 0;
			defaultConfigurationName = Release;
		};
/* End XCConfigurationList section */
	};
	rootObject = FAA819532964063B00B4C83A /* Project object */;
}
