// !$*UTF8*$!
{
	archiveVersion = 1;
	classes = {
	};
	objectVersion = 55;
	objects = {

/* Begin PBXBuildFile section */
		73BCAF8115919761F1E5ED49 /* Pods_fodamy_baki.framework in Frameworks */ = {isa = PBXBuildFile; fileRef = 39BB1E749DD51711E3302AC4 /* Pods_fodamy_baki.framework */; };
		FA0A2F1E2962BB56004E82C6 /* AppDelegate.swift in Sources */ = {isa = PBXBuildFile; fileRef = FA0A2F1D2962BB56004E82C6 /* AppDelegate.swift */; };
		FA0A2F272962BB58004E82C6 /* Assets.xcassets in Resources */ = {isa = PBXBuildFile; fileRef = FA0A2F262962BB58004E82C6 /* Assets.xcassets */; };
		FA0A2F2A2962BB58004E82C6 /* LaunchScreen.storyboard in Resources */ = {isa = PBXBuildFile; fileRef = FA0A2F282962BB58004E82C6 /* LaunchScreen.storyboard */; };
		FA2DB7982962DF94004D38E2 /* .swiftlint.yml in Resources */ = {isa = PBXBuildFile; fileRef = FA2DB7972962DF94004D38E2 /* .swiftlint.yml */; };
		FA2DB7B729631568004D38E2 /* UIComponents.framework in Frameworks */ = {isa = PBXBuildFile; fileRef = FA2DB7B629631568004D38E2 /* UIComponents.framework */; };
		FA61FFAD296FE53F00D08E28 /* APIDataProvider.swift in Sources */ = {isa = PBXBuildFile; fileRef = FA61FFAC296FE53F00D08E28 /* APIDataProvider.swift */; };
		FA87472329751C6400039E92 /* APIRequestAdapter.swift in Sources */ = {isa = PBXBuildFile; fileRef = FA87472229751C6400039E92 /* APIRequestAdapter.swift */; };
		FA87472529751E3D00039E92 /* APIRequestInterceptor.swift in Sources */ = {isa = PBXBuildFile; fileRef = FA87472429751E3D00039E92 /* APIRequestInterceptor.swift */; };
		FA87472729751E6800039E92 /* APILogger.swift in Sources */ = {isa = PBXBuildFile; fileRef = FA87472629751E6800039E92 /* APILogger.swift */; };
		FA87472929751E8700039E92 /* DataProvider.swift in Sources */ = {isa = PBXBuildFile; fileRef = FA87472829751E8700039E92 /* DataProvider.swift */; };
		FA8D3C0229A37B3D008056B5 /* RecipeCellModel+Extension.swift in Sources */ = {isa = PBXBuildFile; fileRef = FA8D3C0129A37B3D008056B5 /* RecipeCellModel+Extension.swift */; };
		FAA71F3E2992197500E150A3 /* FavoritesRouter.swift in Sources */ = {isa = PBXBuildFile; fileRef = FAA71F3B2992197500E150A3 /* FavoritesRouter.swift */; };
		FAA71F3F2992197500E150A3 /* FavoritesViewController.swift in Sources */ = {isa = PBXBuildFile; fileRef = FAA71F3C2992197500E150A3 /* FavoritesViewController.swift */; };
		FAA71F4429921BD300E150A3 /* FavoritesViewModel.swift in Sources */ = {isa = PBXBuildFile; fileRef = FAA71F4329921BD300E150A3 /* FavoritesViewModel.swift */; };
		FAA819672964067E00B4C83A /* Utilities.framework in Frameworks */ = {isa = PBXBuildFile; fileRef = FAA819662964067E00B4C83A /* Utilities.framework */; };
		FAA819692964068500B4C83A /* DataProvider.framework in Frameworks */ = {isa = PBXBuildFile; fileRef = FAA819682964068500B4C83A /* DataProvider.framework */; };
		FAA819B52964404C00B4C83A /* BaseViewController.swift in Sources */ = {isa = PBXBuildFile; fileRef = FAA819B42964404C00B4C83A /* BaseViewController.swift */; };
		FAA819B72964406000B4C83A /* BaseViewModel.swift in Sources */ = {isa = PBXBuildFile; fileRef = FAA819B62964406000B4C83A /* BaseViewModel.swift */; };
		FAA819C32964609A00B4C83A /* HomeViewModel.swift in Sources */ = {isa = PBXBuildFile; fileRef = FAA819BF2964609A00B4C83A /* HomeViewModel.swift */; };
		FAA819C42964609A00B4C83A /* HomeViewRouter.swift in Sources */ = {isa = PBXBuildFile; fileRef = FAA819C02964609A00B4C83A /* HomeViewRouter.swift */; };
		FAA819C52964609A00B4C83A /* HomeViewController.swift in Sources */ = {isa = PBXBuildFile; fileRef = FAA819C12964609A00B4C83A /* HomeViewController.swift */; };
		FAA819C62964609A00B4C83A /* HomeViewRoute.swift in Sources */ = {isa = PBXBuildFile; fileRef = FAA819C22964609A00B4C83A /* HomeViewRoute.swift */; };
		FAB60DA2297FADCD00F1DB9A /* RegisterRouter.swift in Sources */ = {isa = PBXBuildFile; fileRef = FAB60D9F297FADCD00F1DB9A /* RegisterRouter.swift */; };
		FAB60DA3297FADCD00F1DB9A /* RegisterViewController.swift in Sources */ = {isa = PBXBuildFile; fileRef = FAB60DA0297FADCD00F1DB9A /* RegisterViewController.swift */; };
		FAB60DA4297FADCD00F1DB9A /* RegisterViewModel.swift in Sources */ = {isa = PBXBuildFile; fileRef = FAB60DA1297FADCD00F1DB9A /* RegisterViewModel.swift */; };
		FAB60DA8297FB72800F1DB9A /* RegisterRoute.swift in Sources */ = {isa = PBXBuildFile; fileRef = FAB60DA7297FB72800F1DB9A /* RegisterRoute.swift */; };
		FAB60DB6297FD9FD00F1DB9A /* Validation.swift in Sources */ = {isa = PBXBuildFile; fileRef = FAB60DB5297FD9FD00F1DB9A /* Validation.swift */; };
		FAB84898299656D2007D5CA7 /* HomeTabBarRoute.swift in Sources */ = {isa = PBXBuildFile; fileRef = FAB84896299656D2007D5CA7 /* HomeTabBarRoute.swift */; };
		FAB84899299656D2007D5CA7 /* HomeTabBarViewController.swift in Sources */ = {isa = PBXBuildFile; fileRef = FAB84897299656D2007D5CA7 /* HomeTabBarViewController.swift */; };
		FABFE91D29B7097100F78DFD /* RecipesRoute.swift in Sources */ = {isa = PBXBuildFile; fileRef = FABFE91C29B7097100F78DFD /* RecipesRoute.swift */; };
		FABFE92329B75E2500F78DFD /* FavoritesCellModel+Extension.swift in Sources */ = {isa = PBXBuildFile; fileRef = FABFE92229B75E2500F78DFD /* FavoritesCellModel+Extension.swift */; };
		FAC3A838298420B90095A7C3 /* Animator.swift in Sources */ = {isa = PBXBuildFile; fileRef = FAC3A837298420B90095A7C3 /* Animator.swift */; };
		FAC3A83A298420CE0095A7C3 /* Router.swift in Sources */ = {isa = PBXBuildFile; fileRef = FAC3A839298420CE0095A7C3 /* Router.swift */; };
		FAC3A83D2984210D0095A7C3 /* AppRouter.swift in Sources */ = {isa = PBXBuildFile; fileRef = FAC3A83C2984210D0095A7C3 /* AppRouter.swift */; };
		FAC3A840298421660095A7C3 /* ModalTransition.swift in Sources */ = {isa = PBXBuildFile; fileRef = FAC3A83F298421660095A7C3 /* ModalTransition.swift */; };
		FAC3A8422984218C0095A7C3 /* PlaceOnWindowTransition.swift in Sources */ = {isa = PBXBuildFile; fileRef = FAC3A8412984218C0095A7C3 /* PlaceOnWindowTransition.swift */; };
		FAC3A844298421AF0095A7C3 /* PushTransition.swift in Sources */ = {isa = PBXBuildFile; fileRef = FAC3A843298421AF0095A7C3 /* PushTransition.swift */; };
		FAC3A846298421CF0095A7C3 /* Transition.swift in Sources */ = {isa = PBXBuildFile; fileRef = FAC3A845298421CF0095A7C3 /* Transition.swift */; };
		FAC3A84B298463220095A7C3 /* LoginRouter.swift in Sources */ = {isa = PBXBuildFile; fileRef = FAC3A848298463220095A7C3 /* LoginRouter.swift */; };
		FAC3A84C298463220095A7C3 /* LoginViewController.swift in Sources */ = {isa = PBXBuildFile; fileRef = FAC3A849298463220095A7C3 /* LoginViewController.swift */; };
		FAC3A84D298463220095A7C3 /* LoginViewModel.swift in Sources */ = {isa = PBXBuildFile; fileRef = FAC3A84A298463220095A7C3 /* LoginViewModel.swift */; };
		FAC3A84F298463320095A7C3 /* LoginRoute.swift in Sources */ = {isa = PBXBuildFile; fileRef = FAC3A84E298463320095A7C3 /* LoginRoute.swift */; };
		FACE72F129892447001B98D4 /* ForgotPasswordRouter.swift in Sources */ = {isa = PBXBuildFile; fileRef = FACE72EE29892447001B98D4 /* ForgotPasswordRouter.swift */; };
		FACE72F229892447001B98D4 /* ForgotPasswordViewController.swift in Sources */ = {isa = PBXBuildFile; fileRef = FACE72EF29892447001B98D4 /* ForgotPasswordViewController.swift */; };
		FACE72F329892447001B98D4 /* ForgotPasswordViewModel.swift in Sources */ = {isa = PBXBuildFile; fileRef = FACE72F029892447001B98D4 /* ForgotPasswordViewModel.swift */; };
		FACE72F5298924B6001B98D4 /* ForgotPasswordRoute.swift in Sources */ = {isa = PBXBuildFile; fileRef = FACE72F4298924B6001B98D4 /* ForgotPasswordRoute.swift */; };
		FACE72FC29895EC1001B98D4 /* WalkthroughRouter.swift in Sources */ = {isa = PBXBuildFile; fileRef = FACE72F929895EC1001B98D4 /* WalkthroughRouter.swift */; };
		FACE72FD29895EC1001B98D4 /* WalkthroughViewController.swift in Sources */ = {isa = PBXBuildFile; fileRef = FACE72FA29895EC1001B98D4 /* WalkthroughViewController.swift */; };
		FACE72FE29895EC1001B98D4 /* WalkthroughViewModel.swift in Sources */ = {isa = PBXBuildFile; fileRef = FACE72FB29895EC1001B98D4 /* WalkthroughViewModel.swift */; };
		FACE7300298963C8001B98D4 /* WalkthroughRoute.swift in Sources */ = {isa = PBXBuildFile; fileRef = FACE72FF298963C8001B98D4 /* WalkthroughRoute.swift */; };
		FADE8AC5299A1BE6008A1A83 /* RecipesRouter.swift in Sources */ = {isa = PBXBuildFile; fileRef = FADE8AC2299A1BE6008A1A83 /* RecipesRouter.swift */; };
		FADE8AC6299A1BE6008A1A83 /* RecipesViewController.swift in Sources */ = {isa = PBXBuildFile; fileRef = FADE8AC3299A1BE6008A1A83 /* RecipesViewController.swift */; };
		FADE8AC7299A1BE6008A1A83 /* RecipesViewModel.swift in Sources */ = {isa = PBXBuildFile; fileRef = FADE8AC4299A1BE6008A1A83 /* RecipesViewModel.swift */; };
		FADE8ACB299A6323008A1A83 /* MainNavigationController.swift in Sources */ = {isa = PBXBuildFile; fileRef = FADE8ACA299A6323008A1A83 /* MainNavigationController.swift */; };
/* End PBXBuildFile section */

/* Begin PBXFileReference section */
		25BDDC996CC07DD40221D168 /* Pods-fodamy-baki.release.xcconfig */ = {isa = PBXFileReference; includeInIndex = 1; lastKnownFileType = text.xcconfig; name = "Pods-fodamy-baki.release.xcconfig"; path = "Target Support Files/Pods-fodamy-baki/Pods-fodamy-baki.release.xcconfig"; sourceTree = "<group>"; };
		39BB1E749DD51711E3302AC4 /* Pods_fodamy_baki.framework */ = {isa = PBXFileReference; explicitFileType = wrapper.framework; includeInIndex = 0; path = Pods_fodamy_baki.framework; sourceTree = BUILT_PRODUCTS_DIR; };
		4FA53F61728EFD5329287C49 /* Pods-fodamy-baki.debug.xcconfig */ = {isa = PBXFileReference; includeInIndex = 1; lastKnownFileType = text.xcconfig; name = "Pods-fodamy-baki.debug.xcconfig"; path = "Target Support Files/Pods-fodamy-baki/Pods-fodamy-baki.debug.xcconfig"; sourceTree = "<group>"; };
		FA0A2F1A2962BB56004E82C6 /* fodamy-baki.app */ = {isa = PBXFileReference; explicitFileType = wrapper.application; includeInIndex = 0; path = "fodamy-baki.app"; sourceTree = BUILT_PRODUCTS_DIR; };
		FA0A2F1D2962BB56004E82C6 /* AppDelegate.swift */ = {isa = PBXFileReference; lastKnownFileType = sourcecode.swift; path = AppDelegate.swift; sourceTree = "<group>"; };
		FA0A2F262962BB58004E82C6 /* Assets.xcassets */ = {isa = PBXFileReference; lastKnownFileType = folder.assetcatalog; path = Assets.xcassets; sourceTree = "<group>"; };
		FA0A2F292962BB58004E82C6 /* Base */ = {isa = PBXFileReference; lastKnownFileType = file.storyboard; name = Base; path = Base.lproj/LaunchScreen.storyboard; sourceTree = "<group>"; };
		FA0A2F2B2962BB58004E82C6 /* Info.plist */ = {isa = PBXFileReference; lastKnownFileType = text.plist.xml; path = Info.plist; sourceTree = "<group>"; };
		FA2DB7972962DF94004D38E2 /* .swiftlint.yml */ = {isa = PBXFileReference; fileEncoding = 4; lastKnownFileType = text.yaml; path = .swiftlint.yml; sourceTree = "<group>"; };
		FA2DB7AF296312A8004D38E2 /* fodamy-baki-Bridging-Header.h */ = {isa = PBXFileReference; lastKnownFileType = sourcecode.c.h; path = "fodamy-baki-Bridging-Header.h"; sourceTree = "<group>"; };
		FA2DB7B629631568004D38E2 /* UIComponents.framework */ = {isa = PBXFileReference; explicitFileType = wrapper.framework; path = UIComponents.framework; sourceTree = BUILT_PRODUCTS_DIR; };
		FA61FFAC296FE53F00D08E28 /* APIDataProvider.swift */ = {isa = PBXFileReference; lastKnownFileType = sourcecode.swift; path = APIDataProvider.swift; sourceTree = "<group>"; };
		FA87472229751C6400039E92 /* APIRequestAdapter.swift */ = {isa = PBXFileReference; lastKnownFileType = sourcecode.swift; path = APIRequestAdapter.swift; sourceTree = "<group>"; };
		FA87472429751E3D00039E92 /* APIRequestInterceptor.swift */ = {isa = PBXFileReference; lastKnownFileType = sourcecode.swift; path = APIRequestInterceptor.swift; sourceTree = "<group>"; };
		FA87472629751E6800039E92 /* APILogger.swift */ = {isa = PBXFileReference; lastKnownFileType = sourcecode.swift; path = APILogger.swift; sourceTree = "<group>"; };
		FA87472829751E8700039E92 /* DataProvider.swift */ = {isa = PBXFileReference; lastKnownFileType = sourcecode.swift; path = DataProvider.swift; sourceTree = "<group>"; };
		FA8D3C0129A37B3D008056B5 /* RecipeCellModel+Extension.swift */ = {isa = PBXFileReference; lastKnownFileType = sourcecode.swift; path = "RecipeCellModel+Extension.swift"; sourceTree = "<group>"; };
		FAA71F3B2992197500E150A3 /* FavoritesRouter.swift */ = {isa = PBXFileReference; lastKnownFileType = sourcecode.swift; path = FavoritesRouter.swift; sourceTree = "<group>"; };
		FAA71F3C2992197500E150A3 /* FavoritesViewController.swift */ = {isa = PBXFileReference; lastKnownFileType = sourcecode.swift; path = FavoritesViewController.swift; sourceTree = "<group>"; };
		FAA71F4329921BD300E150A3 /* FavoritesViewModel.swift */ = {isa = PBXFileReference; fileEncoding = 4; lastKnownFileType = sourcecode.swift; path = FavoritesViewModel.swift; sourceTree = "<group>"; };
		FAA819662964067E00B4C83A /* Utilities.framework */ = {isa = PBXFileReference; explicitFileType = wrapper.framework; path = Utilities.framework; sourceTree = BUILT_PRODUCTS_DIR; };
		FAA819682964068500B4C83A /* DataProvider.framework */ = {isa = PBXFileReference; explicitFileType = wrapper.framework; path = DataProvider.framework; sourceTree = BUILT_PRODUCTS_DIR; };
		FAA819B42964404C00B4C83A /* BaseViewController.swift */ = {isa = PBXFileReference; lastKnownFileType = sourcecode.swift; path = BaseViewController.swift; sourceTree = "<group>"; };
		FAA819B62964406000B4C83A /* BaseViewModel.swift */ = {isa = PBXFileReference; lastKnownFileType = sourcecode.swift; path = BaseViewModel.swift; sourceTree = "<group>"; };
		FAA819BF2964609A00B4C83A /* HomeViewModel.swift */ = {isa = PBXFileReference; fileEncoding = 4; lastKnownFileType = sourcecode.swift; path = HomeViewModel.swift; sourceTree = "<group>"; };
		FAA819C02964609A00B4C83A /* HomeViewRouter.swift */ = {isa = PBXFileReference; fileEncoding = 4; lastKnownFileType = sourcecode.swift; path = HomeViewRouter.swift; sourceTree = "<group>"; };
		FAA819C12964609A00B4C83A /* HomeViewController.swift */ = {isa = PBXFileReference; fileEncoding = 4; lastKnownFileType = sourcecode.swift; path = HomeViewController.swift; sourceTree = "<group>"; };
		FAA819C22964609A00B4C83A /* HomeViewRoute.swift */ = {isa = PBXFileReference; fileEncoding = 4; lastKnownFileType = sourcecode.swift; path = HomeViewRoute.swift; sourceTree = "<group>"; };
		FAB60D9F297FADCD00F1DB9A /* RegisterRouter.swift */ = {isa = PBXFileReference; lastKnownFileType = sourcecode.swift; path = RegisterRouter.swift; sourceTree = "<group>"; };
		FAB60DA0297FADCD00F1DB9A /* RegisterViewController.swift */ = {isa = PBXFileReference; lastKnownFileType = sourcecode.swift; path = RegisterViewController.swift; sourceTree = "<group>"; };
		FAB60DA1297FADCD00F1DB9A /* RegisterViewModel.swift */ = {isa = PBXFileReference; lastKnownFileType = sourcecode.swift; path = RegisterViewModel.swift; sourceTree = "<group>"; };
		FAB60DA7297FB72800F1DB9A /* RegisterRoute.swift */ = {isa = PBXFileReference; lastKnownFileType = sourcecode.swift; path = RegisterRoute.swift; sourceTree = "<group>"; };
		FAB60DB5297FD9FD00F1DB9A /* Validation.swift */ = {isa = PBXFileReference; lastKnownFileType = sourcecode.swift; path = Validation.swift; sourceTree = "<group>"; };
		FAB84896299656D2007D5CA7 /* HomeTabBarRoute.swift */ = {isa = PBXFileReference; fileEncoding = 4; lastKnownFileType = sourcecode.swift; path = HomeTabBarRoute.swift; sourceTree = "<group>"; };
		FAB84897299656D2007D5CA7 /* HomeTabBarViewController.swift */ = {isa = PBXFileReference; fileEncoding = 4; lastKnownFileType = sourcecode.swift; path = HomeTabBarViewController.swift; sourceTree = "<group>"; };
		FABFE91C29B7097100F78DFD /* RecipesRoute.swift */ = {isa = PBXFileReference; lastKnownFileType = sourcecode.swift; path = RecipesRoute.swift; sourceTree = "<group>"; };
		FABFE92229B75E2500F78DFD /* FavoritesCellModel+Extension.swift */ = {isa = PBXFileReference; lastKnownFileType = sourcecode.swift; path = "FavoritesCellModel+Extension.swift"; sourceTree = "<group>"; };
		FAC3A837298420B90095A7C3 /* Animator.swift */ = {isa = PBXFileReference; lastKnownFileType = sourcecode.swift; path = Animator.swift; sourceTree = "<group>"; };
		FAC3A839298420CE0095A7C3 /* Router.swift */ = {isa = PBXFileReference; lastKnownFileType = sourcecode.swift; path = Router.swift; sourceTree = "<group>"; };
		FAC3A83C2984210D0095A7C3 /* AppRouter.swift */ = {isa = PBXFileReference; lastKnownFileType = sourcecode.swift; path = AppRouter.swift; sourceTree = "<group>"; };
		FAC3A83F298421660095A7C3 /* ModalTransition.swift */ = {isa = PBXFileReference; lastKnownFileType = sourcecode.swift; path = ModalTransition.swift; sourceTree = "<group>"; };
		FAC3A8412984218C0095A7C3 /* PlaceOnWindowTransition.swift */ = {isa = PBXFileReference; lastKnownFileType = sourcecode.swift; path = PlaceOnWindowTransition.swift; sourceTree = "<group>"; };
		FAC3A843298421AF0095A7C3 /* PushTransition.swift */ = {isa = PBXFileReference; lastKnownFileType = sourcecode.swift; path = PushTransition.swift; sourceTree = "<group>"; };
		FAC3A845298421CF0095A7C3 /* Transition.swift */ = {isa = PBXFileReference; lastKnownFileType = sourcecode.swift; path = Transition.swift; sourceTree = "<group>"; };
		FAC3A848298463220095A7C3 /* LoginRouter.swift */ = {isa = PBXFileReference; lastKnownFileType = sourcecode.swift; path = LoginRouter.swift; sourceTree = "<group>"; };
		FAC3A849298463220095A7C3 /* LoginViewController.swift */ = {isa = PBXFileReference; lastKnownFileType = sourcecode.swift; path = LoginViewController.swift; sourceTree = "<group>"; };
		FAC3A84A298463220095A7C3 /* LoginViewModel.swift */ = {isa = PBXFileReference; lastKnownFileType = sourcecode.swift; path = LoginViewModel.swift; sourceTree = "<group>"; };
		FAC3A84E298463320095A7C3 /* LoginRoute.swift */ = {isa = PBXFileReference; lastKnownFileType = sourcecode.swift; path = LoginRoute.swift; sourceTree = "<group>"; };
		FACE72EE29892447001B98D4 /* ForgotPasswordRouter.swift */ = {isa = PBXFileReference; lastKnownFileType = sourcecode.swift; path = ForgotPasswordRouter.swift; sourceTree = "<group>"; };
		FACE72EF29892447001B98D4 /* ForgotPasswordViewController.swift */ = {isa = PBXFileReference; lastKnownFileType = sourcecode.swift; path = ForgotPasswordViewController.swift; sourceTree = "<group>"; };
		FACE72F029892447001B98D4 /* ForgotPasswordViewModel.swift */ = {isa = PBXFileReference; lastKnownFileType = sourcecode.swift; path = ForgotPasswordViewModel.swift; sourceTree = "<group>"; };
		FACE72F4298924B6001B98D4 /* ForgotPasswordRoute.swift */ = {isa = PBXFileReference; lastKnownFileType = sourcecode.swift; path = ForgotPasswordRoute.swift; sourceTree = "<group>"; };
		FACE72F929895EC1001B98D4 /* WalkthroughRouter.swift */ = {isa = PBXFileReference; lastKnownFileType = sourcecode.swift; path = WalkthroughRouter.swift; sourceTree = "<group>"; };
		FACE72FA29895EC1001B98D4 /* WalkthroughViewController.swift */ = {isa = PBXFileReference; lastKnownFileType = sourcecode.swift; path = WalkthroughViewController.swift; sourceTree = "<group>"; };
		FACE72FB29895EC1001B98D4 /* WalkthroughViewModel.swift */ = {isa = PBXFileReference; lastKnownFileType = sourcecode.swift; path = WalkthroughViewModel.swift; sourceTree = "<group>"; };
		FACE72FF298963C8001B98D4 /* WalkthroughRoute.swift */ = {isa = PBXFileReference; lastKnownFileType = sourcecode.swift; path = WalkthroughRoute.swift; sourceTree = "<group>"; };
		FADE8AC2299A1BE6008A1A83 /* RecipesRouter.swift */ = {isa = PBXFileReference; lastKnownFileType = sourcecode.swift; path = RecipesRouter.swift; sourceTree = "<group>"; };
		FADE8AC3299A1BE6008A1A83 /* RecipesViewController.swift */ = {isa = PBXFileReference; lastKnownFileType = sourcecode.swift; path = RecipesViewController.swift; sourceTree = "<group>"; };
		FADE8AC4299A1BE6008A1A83 /* RecipesViewModel.swift */ = {isa = PBXFileReference; lastKnownFileType = sourcecode.swift; path = RecipesViewModel.swift; sourceTree = "<group>"; };
		FADE8ACA299A6323008A1A83 /* MainNavigationController.swift */ = {isa = PBXFileReference; lastKnownFileType = sourcecode.swift; path = MainNavigationController.swift; sourceTree = "<group>"; };
/* End PBXFileReference section */

/* Begin PBXFrameworksBuildPhase section */
		FA0A2F172962BB56004E82C6 /* Frameworks */ = {
			isa = PBXFrameworksBuildPhase;
			buildActionMask = 2147483647;
			files = (
				FAA819692964068500B4C83A /* DataProvider.framework in Frameworks */,
				FAA819672964067E00B4C83A /* Utilities.framework in Frameworks */,
				FA2DB7B729631568004D38E2 /* UIComponents.framework in Frameworks */,
				73BCAF8115919761F1E5ED49 /* Pods_fodamy_baki.framework in Frameworks */,
			);
			runOnlyForDeploymentPostprocessing = 0;
		};
/* End PBXFrameworksBuildPhase section */

/* Begin PBXGroup section */
		36D08BC178FC2B56C627E3B1 /* Pods */ = {
			isa = PBXGroup;
			children = (
				4FA53F61728EFD5329287C49 /* Pods-fodamy-baki.debug.xcconfig */,
				25BDDC996CC07DD40221D168 /* Pods-fodamy-baki.release.xcconfig */,
			);
			path = Pods;
			sourceTree = "<group>";
		};
		DBCAAFB09280ECDB62158E9B /* Frameworks */ = {
			isa = PBXGroup;
			children = (
				FAA819682964068500B4C83A /* DataProvider.framework */,
				FAA819662964067E00B4C83A /* Utilities.framework */,
				FA2DB7B629631568004D38E2 /* UIComponents.framework */,
				39BB1E749DD51711E3302AC4 /* Pods_fodamy_baki.framework */,
			);
			name = Frameworks;
			sourceTree = "<group>";
		};
		FA0A2F112962BB56004E82C6 = {
			isa = PBXGroup;
			children = (
				FA0A2F1C2962BB56004E82C6 /* fodamy-baki */,
				FA2DB7972962DF94004D38E2 /* .swiftlint.yml */,
				FA0A2F1B2962BB56004E82C6 /* Products */,
				36D08BC178FC2B56C627E3B1 /* Pods */,
				DBCAAFB09280ECDB62158E9B /* Frameworks */,
			);
			sourceTree = "<group>";
		};
		FA0A2F1B2962BB56004E82C6 /* Products */ = {
			isa = PBXGroup;
			children = (
				FA0A2F1A2962BB56004E82C6 /* fodamy-baki.app */,
			);
			name = Products;
			sourceTree = "<group>";
		};
		FA0A2F1C2962BB56004E82C6 /* fodamy-baki */ = {
			isa = PBXGroup;
			children = (
				FA8D3C0029A37B22008056B5 /* UIComponents */,
				FAC3A835298420960095A7C3 /* Routing */,
				FAB60DB4297FD9F200F1DB9A /* Validation */,
				FA61FFAB296FE52800D08E28 /* DataProvider */,
				FA2DB7992962E80C004D38E2 /* AppDelegate */,
				FAA8198D2964217F00B4C83A /* Scenes */,
				FA0A2F262962BB58004E82C6 /* Assets.xcassets */,
				FA0A2F282962BB58004E82C6 /* LaunchScreen.storyboard */,
				FA0A2F2B2962BB58004E82C6 /* Info.plist */,
			);
			path = "fodamy-baki";
			sourceTree = "<group>";
		};
		FA271C1B299112CF0069CFE3 /* FavoritesControler */ = {
			isa = PBXGroup;
			children = (
				FAA71F3C2992197500E150A3 /* FavoritesViewController.swift */,
				FAA71F4329921BD300E150A3 /* FavoritesViewModel.swift */,
				FAA71F3B2992197500E150A3 /* FavoritesRouter.swift */,
			);
			path = FavoritesControler;
			sourceTree = "<group>";
		};
		FA2DB7992962E80C004D38E2 /* AppDelegate */ = {
			isa = PBXGroup;
			children = (
				FA0A2F1D2962BB56004E82C6 /* AppDelegate.swift */,
				FA2DB7AF296312A8004D38E2 /* fodamy-baki-Bridging-Header.h */,
			);
			path = AppDelegate;
			sourceTree = "<group>";
		};
		FA61FFAB296FE52800D08E28 /* DataProvider */ = {
			isa = PBXGroup;
			children = (
				FA61FFAC296FE53F00D08E28 /* APIDataProvider.swift */,
				FA87472429751E3D00039E92 /* APIRequestInterceptor.swift */,
				FA87472229751C6400039E92 /* APIRequestAdapter.swift */,
				FA87472629751E6800039E92 /* APILogger.swift */,
				FA87472829751E8700039E92 /* DataProvider.swift */,
			);
			path = DataProvider;
			sourceTree = "<group>";
		};
		FA8D3C0029A37B22008056B5 /* UIComponents */ = {
			isa = PBXGroup;
			children = (
				FA8D3C0129A37B3D008056B5 /* RecipeCellModel+Extension.swift */,
				FABFE92229B75E2500F78DFD /* FavoritesCellModel+Extension.swift */,
			);
			path = UIComponents;
			sourceTree = "<group>";
		};
		FAA8198D2964217F00B4C83A /* Scenes */ = {
			isa = PBXGroup;
			children = (
				FAB974DD29979EE300A10EFD /* Recipes */,
				FAB84895299656D2007D5CA7 /* HomeTabBar */,
				FA271C1B299112CF0069CFE3 /* FavoritesControler */,
				FACE72F829895EA2001B98D4 /* Walkthrough */,
				FAB60D93297FAC9900F1DB9A /* Auth */,
				FAA819B32964403200B4C83A /* Base */,
				FAA819BE2964609A00B4C83A /* HomeViewController */,
			);
			path = Scenes;
			sourceTree = "<group>";
		};
		FAA819B32964403200B4C83A /* Base */ = {
			isa = PBXGroup;
			children = (
				FAA819B42964404C00B4C83A /* BaseViewController.swift */,
				FAA819B62964406000B4C83A /* BaseViewModel.swift */,
				FADE8ACA299A6323008A1A83 /* MainNavigationController.swift */,
			);
			path = Base;
			sourceTree = "<group>";
		};
		FAA819BE2964609A00B4C83A /* HomeViewController */ = {
			isa = PBXGroup;
			children = (
				FAA819C12964609A00B4C83A /* HomeViewController.swift */,
				FAA819BF2964609A00B4C83A /* HomeViewModel.swift */,
				FAA819C02964609A00B4C83A /* HomeViewRouter.swift */,
				FAA819C22964609A00B4C83A /* HomeViewRoute.swift */,
			);
			path = HomeViewController;
			sourceTree = "<group>";
		};
		FAB60D93297FAC9900F1DB9A /* Auth */ = {
			isa = PBXGroup;
			children = (
				FAC3A847298462FD0095A7C3 /* Login */,
				FAB60D94297FACA200F1DB9A /* Register */,
				FACE72ED2989242B001B98D4 /* ForgotPassword */,
			);
			path = Auth;
			sourceTree = "<group>";
		};
		FAB60D94297FACA200F1DB9A /* Register */ = {
			isa = PBXGroup;
			children = (
				FAB60DA0297FADCD00F1DB9A /* RegisterViewController.swift */,
				FAB60DA1297FADCD00F1DB9A /* RegisterViewModel.swift */,
				FAB60D9F297FADCD00F1DB9A /* RegisterRouter.swift */,
				FAB60DA7297FB72800F1DB9A /* RegisterRoute.swift */,
			);
			path = Register;
			sourceTree = "<group>";
		};
		FAB60DB4297FD9F200F1DB9A /* Validation */ = {
			isa = PBXGroup;
			children = (
				FAB60DB5297FD9FD00F1DB9A /* Validation.swift */,
			);
			path = Validation;
			sourceTree = "<group>";
		};
		FAB84895299656D2007D5CA7 /* HomeTabBar */ = {
			isa = PBXGroup;
			children = (
				FAB84896299656D2007D5CA7 /* HomeTabBarRoute.swift */,
				FAB84897299656D2007D5CA7 /* HomeTabBarViewController.swift */,
			);
			path = HomeTabBar;
			sourceTree = "<group>";
		};
		FAB974DD29979EE300A10EFD /* Recipes */ = {
			isa = PBXGroup;
			children = (
				FADE8AC3299A1BE6008A1A83 /* RecipesViewController.swift */,
				FADE8AC4299A1BE6008A1A83 /* RecipesViewModel.swift */,
				FADE8AC2299A1BE6008A1A83 /* RecipesRouter.swift */,
				FABFE91C29B7097100F78DFD /* RecipesRoute.swift */,
			);
			path = Recipes;
			sourceTree = "<group>";
		};
		FAC3A835298420960095A7C3 /* Routing */ = {
			isa = PBXGroup;
			children = (
				FAC3A83E298421570095A7C3 /* Transitions */,
				FAC3A83B298420FB0095A7C3 /* Routers */,
				FAC3A8362984209D0095A7C3 /* Core */,
			);
			path = Routing;
			sourceTree = "<group>";
		};
		FAC3A8362984209D0095A7C3 /* Core */ = {
			isa = PBXGroup;
			children = (
				FAC3A837298420B90095A7C3 /* Animator.swift */,
				FAC3A839298420CE0095A7C3 /* Router.swift */,
			);
			path = Core;
			sourceTree = "<group>";
		};
		FAC3A83B298420FB0095A7C3 /* Routers */ = {
			isa = PBXGroup;
			children = (
				FAC3A83C2984210D0095A7C3 /* AppRouter.swift */,
			);
			path = Routers;
			sourceTree = "<group>";
		};
		FAC3A83E298421570095A7C3 /* Transitions */ = {
			isa = PBXGroup;
			children = (
				FAC3A83F298421660095A7C3 /* ModalTransition.swift */,
				FAC3A8412984218C0095A7C3 /* PlaceOnWindowTransition.swift */,
				FAC3A843298421AF0095A7C3 /* PushTransition.swift */,
				FAC3A845298421CF0095A7C3 /* Transition.swift */,
			);
			path = Transitions;
			sourceTree = "<group>";
		};
		FAC3A847298462FD0095A7C3 /* Login */ = {
			isa = PBXGroup;
			children = (
				FAC3A849298463220095A7C3 /* LoginViewController.swift */,
				FAC3A84A298463220095A7C3 /* LoginViewModel.swift */,
				FAC3A848298463220095A7C3 /* LoginRouter.swift */,
				FAC3A84E298463320095A7C3 /* LoginRoute.swift */,
			);
			path = Login;
			sourceTree = "<group>";
		};
		FACE72ED2989242B001B98D4 /* ForgotPassword */ = {
			isa = PBXGroup;
			children = (
				FACE72EF29892447001B98D4 /* ForgotPasswordViewController.swift */,
				FACE72F029892447001B98D4 /* ForgotPasswordViewModel.swift */,
				FACE72EE29892447001B98D4 /* ForgotPasswordRouter.swift */,
				FACE72F4298924B6001B98D4 /* ForgotPasswordRoute.swift */,
			);
			path = ForgotPassword;
			sourceTree = "<group>";
		};
		FACE72F829895EA2001B98D4 /* Walkthrough */ = {
			isa = PBXGroup;
			children = (
				FACE72FA29895EC1001B98D4 /* WalkthroughViewController.swift */,
				FACE72FB29895EC1001B98D4 /* WalkthroughViewModel.swift */,
				FACE72F929895EC1001B98D4 /* WalkthroughRouter.swift */,
				FACE72FF298963C8001B98D4 /* WalkthroughRoute.swift */,
			);
			path = Walkthrough;
			sourceTree = "<group>";
		};
/* End PBXGroup section */

/* Begin PBXNativeTarget section */
		FA0A2F192962BB56004E82C6 /* fodamy-baki */ = {
			isa = PBXNativeTarget;
			buildConfigurationList = FA0A2F2E2962BB58004E82C6 /* Build configuration list for PBXNativeTarget "fodamy-baki" */;
			buildPhases = (
				C18E3550FA83ADD13892F7B3 /* [CP] Check Pods Manifest.lock */,
				FA2DB7962962DD7E004D38E2 /* Run SwiftLint */,
				FA0A2F162962BB56004E82C6 /* Sources */,
				FA0A2F172962BB56004E82C6 /* Frameworks */,
				FA0A2F182962BB56004E82C6 /* Resources */,
				7FBD54FEB6A848D669B9897F /* [CP] Embed Pods Frameworks */,
			);
			buildRules = (
			);
			dependencies = (
			);
			name = "fodamy-baki";
			productName = "fodamy-baki";
			productReference = FA0A2F1A2962BB56004E82C6 /* fodamy-baki.app */;
			productType = "com.apple.product-type.application";
		};
/* End PBXNativeTarget section */

/* Begin PBXProject section */
		FA0A2F122962BB56004E82C6 /* Project object */ = {
			isa = PBXProject;
			attributes = {
				BuildIndependentTargetsInParallel = 1;
				LastSwiftUpdateCheck = 1340;
				LastUpgradeCheck = 1340;
				TargetAttributes = {
					FA0A2F192962BB56004E82C6 = {
						CreatedOnToolsVersion = 13.4.1;
						LastSwiftMigration = 1340;
					};
				};
			};
			buildConfigurationList = FA0A2F152962BB56004E82C6 /* Build configuration list for PBXProject "fodamy-baki" */;
			compatibilityVersion = "Xcode 13.0";
			developmentRegion = en;
			hasScannedForEncodings = 0;
			knownRegions = (
				en,
				Base,
			);
			mainGroup = FA0A2F112962BB56004E82C6;
			productRefGroup = FA0A2F1B2962BB56004E82C6 /* Products */;
			projectDirPath = "";
			projectRoot = "";
			targets = (
				FA0A2F192962BB56004E82C6 /* fodamy-baki */,
			);
		};
/* End PBXProject section */

/* Begin PBXResourcesBuildPhase section */
		FA0A2F182962BB56004E82C6 /* Resources */ = {
			isa = PBXResourcesBuildPhase;
			buildActionMask = 2147483647;
			files = (
				FA2DB7982962DF94004D38E2 /* .swiftlint.yml in Resources */,
				FA0A2F2A2962BB58004E82C6 /* LaunchScreen.storyboard in Resources */,
				FA0A2F272962BB58004E82C6 /* Assets.xcassets in Resources */,
			);
			runOnlyForDeploymentPostprocessing = 0;
		};
/* End PBXResourcesBuildPhase section */

/* Begin PBXShellScriptBuildPhase section */
		7FBD54FEB6A848D669B9897F /* [CP] Embed Pods Frameworks */ = {
			isa = PBXShellScriptBuildPhase;
			buildActionMask = 2147483647;
			files = (
			);
			inputFileListPaths = (
				"${PODS_ROOT}/Target Support Files/Pods-fodamy-baki/Pods-fodamy-baki-frameworks-${CONFIGURATION}-input-files.xcfilelist",
			);
			name = "[CP] Embed Pods Frameworks";
			outputFileListPaths = (
				"${PODS_ROOT}/Target Support Files/Pods-fodamy-baki/Pods-fodamy-baki-frameworks-${CONFIGURATION}-output-files.xcfilelist",
			);
			runOnlyForDeploymentPostprocessing = 0;
			shellPath = /bin/sh;
			shellScript = "\"${PODS_ROOT}/Target Support Files/Pods-fodamy-baki/Pods-fodamy-baki-frameworks.sh\"\n";
			showEnvVarsInLog = 0;
		};
		C18E3550FA83ADD13892F7B3 /* [CP] Check Pods Manifest.lock */ = {
			isa = PBXShellScriptBuildPhase;
			buildActionMask = 2147483647;
			files = (
			);
			inputFileListPaths = (
			);
			inputPaths = (
				"${PODS_PODFILE_DIR_PATH}/Podfile.lock",
				"${PODS_ROOT}/Manifest.lock",
			);
			name = "[CP] Check Pods Manifest.lock";
			outputFileListPaths = (
			);
			outputPaths = (
				"$(DERIVED_FILE_DIR)/Pods-fodamy-baki-checkManifestLockResult.txt",
			);
			runOnlyForDeploymentPostprocessing = 0;
			shellPath = /bin/sh;
			shellScript = "diff \"${PODS_PODFILE_DIR_PATH}/Podfile.lock\" \"${PODS_ROOT}/Manifest.lock\" > /dev/null\nif [ $? != 0 ] ; then\n    # print error to STDERR\n    echo \"error: The sandbox is not in sync with the Podfile.lock. Run 'pod install' or update your CocoaPods installation.\" >&2\n    exit 1\nfi\n# This output is used by Xcode 'outputs' to avoid re-running this script phase.\necho \"SUCCESS\" > \"${SCRIPT_OUTPUT_FILE_0}\"\n";
			showEnvVarsInLog = 0;
		};
		FA2DB7962962DD7E004D38E2 /* Run SwiftLint */ = {
			isa = PBXShellScriptBuildPhase;
			buildActionMask = 2147483647;
			files = (
			);
			inputFileListPaths = (
			);
			inputPaths = (
			);
			name = "Run SwiftLint";
			outputFileListPaths = (
			);
			outputPaths = (
			);
			runOnlyForDeploymentPostprocessing = 0;
			shellPath = /bin/sh;
			shellScript = "\"${PODS_ROOT}/SwiftLint/swiftlint\"\n";
		};
/* End PBXShellScriptBuildPhase section */

/* Begin PBXSourcesBuildPhase section */
		FA0A2F162962BB56004E82C6 /* Sources */ = {
			isa = PBXSourcesBuildPhase;
			buildActionMask = 2147483647;
			files = (
				FADE8ACB299A6323008A1A83 /* MainNavigationController.swift in Sources */,
				FA87472729751E6800039E92 /* APILogger.swift in Sources */,
				FAB60DA2297FADCD00F1DB9A /* RegisterRouter.swift in Sources */,
				FAA819C42964609A00B4C83A /* HomeViewRouter.swift in Sources */,
				FAC3A84B298463220095A7C3 /* LoginRouter.swift in Sources */,
				FAA819C52964609A00B4C83A /* HomeViewController.swift in Sources */,
				FA87472929751E8700039E92 /* DataProvider.swift in Sources */,
				FAB60DA3297FADCD00F1DB9A /* RegisterViewController.swift in Sources */,
				FACE72F5298924B6001B98D4 /* ForgotPasswordRoute.swift in Sources */,
				FAC3A846298421CF0095A7C3 /* Transition.swift in Sources */,
				FAC3A84D298463220095A7C3 /* LoginViewModel.swift in Sources */,
				FAC3A83A298420CE0095A7C3 /* Router.swift in Sources */,
				FACE72F129892447001B98D4 /* ForgotPasswordRouter.swift in Sources */,
				FAB84898299656D2007D5CA7 /* HomeTabBarRoute.swift in Sources */,
				FAC3A838298420B90095A7C3 /* Animator.swift in Sources */,
				FADE8AC6299A1BE6008A1A83 /* RecipesViewController.swift in Sources */,
				FAA71F3F2992197500E150A3 /* FavoritesViewController.swift in Sources */,
				FAA71F4429921BD300E150A3 /* FavoritesViewModel.swift in Sources */,
				FAC3A83D2984210D0095A7C3 /* AppRouter.swift in Sources */,
				FA87472329751C6400039E92 /* APIRequestAdapter.swift in Sources */,
				FACE72FD29895EC1001B98D4 /* WalkthroughViewController.swift in Sources */,
				FACE72FC29895EC1001B98D4 /* WalkthroughRouter.swift in Sources */,
				FAA819B52964404C00B4C83A /* BaseViewController.swift in Sources */,
				FA61FFAD296FE53F00D08E28 /* APIDataProvider.swift in Sources */,
				FAC3A840298421660095A7C3 /* ModalTransition.swift in Sources */,
				FACE7300298963C8001B98D4 /* WalkthroughRoute.swift in Sources */,
				FAA71F3E2992197500E150A3 /* FavoritesRouter.swift in Sources */,
				FAB60DA4297FADCD00F1DB9A /* RegisterViewModel.swift in Sources */,
				FAA819C62964609A00B4C83A /* HomeViewRoute.swift in Sources */,
				FACE72FE29895EC1001B98D4 /* WalkthroughViewModel.swift in Sources */,
				FAB60DA8297FB72800F1DB9A /* RegisterRoute.swift in Sources */,
				FAA819B72964406000B4C83A /* BaseViewModel.swift in Sources */,
				FAC3A844298421AF0095A7C3 /* PushTransition.swift in Sources */,
				FA8D3C0229A37B3D008056B5 /* RecipeCellModel+Extension.swift in Sources */,
				FA0A2F1E2962BB56004E82C6 /* AppDelegate.swift in Sources */,
				FAA819C32964609A00B4C83A /* HomeViewModel.swift in Sources */,
				FACE72F329892447001B98D4 /* ForgotPasswordViewModel.swift in Sources */,
				FABFE91D29B7097100F78DFD /* RecipesRoute.swift in Sources */,
				FAC3A8422984218C0095A7C3 /* PlaceOnWindowTransition.swift in Sources */,
				FADE8AC7299A1BE6008A1A83 /* RecipesViewModel.swift in Sources */,
				FAB84899299656D2007D5CA7 /* HomeTabBarViewController.swift in Sources */,
				FAB60DB6297FD9FD00F1DB9A /* Validation.swift in Sources */,
				FACE72F229892447001B98D4 /* ForgotPasswordViewController.swift in Sources */,
				FAC3A84C298463220095A7C3 /* LoginViewController.swift in Sources */,
				FA87472529751E3D00039E92 /* APIRequestInterceptor.swift in Sources */,
				FABFE92329B75E2500F78DFD /* FavoritesCellModel+Extension.swift in Sources */,
				FADE8AC5299A1BE6008A1A83 /* RecipesRouter.swift in Sources */,
				FAC3A84F298463320095A7C3 /* LoginRoute.swift in Sources */,
			);
			runOnlyForDeploymentPostprocessing = 0;
		};
/* End PBXSourcesBuildPhase section */

/* Begin PBXVariantGroup section */
		FA0A2F282962BB58004E82C6 /* LaunchScreen.storyboard */ = {
			isa = PBXVariantGroup;
			children = (
				FA0A2F292962BB58004E82C6 /* Base */,
			);
			name = LaunchScreen.storyboard;
			sourceTree = "<group>";
		};
/* End PBXVariantGroup section */

/* Begin XCBuildConfiguration section */
		FA0A2F2C2962BB58004E82C6 /* Debug */ = {
			isa = XCBuildConfiguration;
			buildSettings = {
				ALWAYS_SEARCH_USER_PATHS = NO;
				CLANG_ANALYZER_NONNULL = YES;
				CLANG_ANALYZER_NUMBER_OBJECT_CONVERSION = YES_AGGRESSIVE;
				CLANG_CXX_LANGUAGE_STANDARD = "gnu++17";
				CLANG_ENABLE_MODULES = YES;
				CLANG_ENABLE_OBJC_ARC = YES;
				CLANG_ENABLE_OBJC_WEAK = YES;
				CLANG_WARN_BLOCK_CAPTURE_AUTORELEASING = YES;
				CLANG_WARN_BOOL_CONVERSION = YES;
				CLANG_WARN_COMMA = YES;
				CLANG_WARN_CONSTANT_CONVERSION = YES;
				CLANG_WARN_DEPRECATED_OBJC_IMPLEMENTATIONS = YES;
				CLANG_WARN_DIRECT_OBJC_ISA_USAGE = YES_ERROR;
				CLANG_WARN_DOCUMENTATION_COMMENTS = YES;
				CLANG_WARN_EMPTY_BODY = YES;
				CLANG_WARN_ENUM_CONVERSION = YES;
				CLANG_WARN_INFINITE_RECURSION = YES;
				CLANG_WARN_INT_CONVERSION = YES;
				CLANG_WARN_NON_LITERAL_NULL_CONVERSION = YES;
				CLANG_WARN_OBJC_IMPLICIT_RETAIN_SELF = YES;
				CLANG_WARN_OBJC_LITERAL_CONVERSION = YES;
				CLANG_WARN_OBJC_ROOT_CLASS = YES_ERROR;
				CLANG_WARN_QUOTED_INCLUDE_IN_FRAMEWORK_HEADER = YES;
				CLANG_WARN_RANGE_LOOP_ANALYSIS = YES;
				CLANG_WARN_STRICT_PROTOTYPES = YES;
				CLANG_WARN_SUSPICIOUS_MOVE = YES;
				CLANG_WARN_UNGUARDED_AVAILABILITY = YES_AGGRESSIVE;
				CLANG_WARN_UNREACHABLE_CODE = YES;
				CLANG_WARN__DUPLICATE_METHOD_MATCH = YES;
				COPY_PHASE_STRIP = NO;
				DEBUG_INFORMATION_FORMAT = dwarf;
				ENABLE_STRICT_OBJC_MSGSEND = YES;
				ENABLE_TESTABILITY = YES;
				GCC_C_LANGUAGE_STANDARD = gnu11;
				GCC_DYNAMIC_NO_PIC = NO;
				GCC_NO_COMMON_BLOCKS = YES;
				GCC_OPTIMIZATION_LEVEL = 0;
				GCC_PREPROCESSOR_DEFINITIONS = (
					"DEBUG=1",
					"$(inherited)",
				);
				GCC_WARN_64_TO_32_BIT_CONVERSION = YES;
				GCC_WARN_ABOUT_RETURN_TYPE = YES_ERROR;
				GCC_WARN_UNDECLARED_SELECTOR = YES;
				GCC_WARN_UNINITIALIZED_AUTOS = YES_AGGRESSIVE;
				GCC_WARN_UNUSED_FUNCTION = YES;
				GCC_WARN_UNUSED_VARIABLE = YES;
				IPHONEOS_DEPLOYMENT_TARGET = 11.0;
				MTL_ENABLE_DEBUG_INFO = INCLUDE_SOURCE;
				MTL_FAST_MATH = YES;
				ONLY_ACTIVE_ARCH = YES;
				SDKROOT = iphoneos;
				SWIFT_ACTIVE_COMPILATION_CONDITIONS = DEBUG;
				SWIFT_OPTIMIZATION_LEVEL = "-Onone";
			};
			name = Debug;
		};
		FA0A2F2D2962BB58004E82C6 /* Release */ = {
			isa = XCBuildConfiguration;
			buildSettings = {
				ALWAYS_SEARCH_USER_PATHS = NO;
				CLANG_ANALYZER_NONNULL = YES;
				CLANG_ANALYZER_NUMBER_OBJECT_CONVERSION = YES_AGGRESSIVE;
				CLANG_CXX_LANGUAGE_STANDARD = "gnu++17";
				CLANG_ENABLE_MODULES = YES;
				CLANG_ENABLE_OBJC_ARC = YES;
				CLANG_ENABLE_OBJC_WEAK = YES;
				CLANG_WARN_BLOCK_CAPTURE_AUTORELEASING = YES;
				CLANG_WARN_BOOL_CONVERSION = YES;
				CLANG_WARN_COMMA = YES;
				CLANG_WARN_CONSTANT_CONVERSION = YES;
				CLANG_WARN_DEPRECATED_OBJC_IMPLEMENTATIONS = YES;
				CLANG_WARN_DIRECT_OBJC_ISA_USAGE = YES_ERROR;
				CLANG_WARN_DOCUMENTATION_COMMENTS = YES;
				CLANG_WARN_EMPTY_BODY = YES;
				CLANG_WARN_ENUM_CONVERSION = YES;
				CLANG_WARN_INFINITE_RECURSION = YES;
				CLANG_WARN_INT_CONVERSION = YES;
				CLANG_WARN_NON_LITERAL_NULL_CONVERSION = YES;
				CLANG_WARN_OBJC_IMPLICIT_RETAIN_SELF = YES;
				CLANG_WARN_OBJC_LITERAL_CONVERSION = YES;
				CLANG_WARN_OBJC_ROOT_CLASS = YES_ERROR;
				CLANG_WARN_QUOTED_INCLUDE_IN_FRAMEWORK_HEADER = YES;
				CLANG_WARN_RANGE_LOOP_ANALYSIS = YES;
				CLANG_WARN_STRICT_PROTOTYPES = YES;
				CLANG_WARN_SUSPICIOUS_MOVE = YES;
				CLANG_WARN_UNGUARDED_AVAILABILITY = YES_AGGRESSIVE;
				CLANG_WARN_UNREACHABLE_CODE = YES;
				CLANG_WARN__DUPLICATE_METHOD_MATCH = YES;
				COPY_PHASE_STRIP = NO;
				DEBUG_INFORMATION_FORMAT = "dwarf-with-dsym";
				ENABLE_NS_ASSERTIONS = NO;
				ENABLE_STRICT_OBJC_MSGSEND = YES;
				GCC_C_LANGUAGE_STANDARD = gnu11;
				GCC_NO_COMMON_BLOCKS = YES;
				GCC_WARN_64_TO_32_BIT_CONVERSION = YES;
				GCC_WARN_ABOUT_RETURN_TYPE = YES_ERROR;
				GCC_WARN_UNDECLARED_SELECTOR = YES;
				GCC_WARN_UNINITIALIZED_AUTOS = YES_AGGRESSIVE;
				GCC_WARN_UNUSED_FUNCTION = YES;
				GCC_WARN_UNUSED_VARIABLE = YES;
				IPHONEOS_DEPLOYMENT_TARGET = 11.0;
				MTL_ENABLE_DEBUG_INFO = NO;
				MTL_FAST_MATH = YES;
				SDKROOT = iphoneos;
				SWIFT_COMPILATION_MODE = wholemodule;
				SWIFT_OPTIMIZATION_LEVEL = "-O";
				VALIDATE_PRODUCT = YES;
			};
			name = Release;
		};
		FA0A2F2F2962BB58004E82C6 /* Debug */ = {
			isa = XCBuildConfiguration;
			baseConfigurationReference = 4FA53F61728EFD5329287C49 /* Pods-fodamy-baki.debug.xcconfig */;
			buildSettings = {
				ASSETCATALOG_COMPILER_APPICON_NAME = AppIcon;
				ASSETCATALOG_COMPILER_GLOBAL_ACCENT_COLOR_NAME = AccentColor;
				CLANG_ENABLE_MODULES = YES;
				CODE_SIGN_STYLE = Automatic;
				CURRENT_PROJECT_VERSION = 1;
				DEVELOPMENT_TEAM = 6KBC8FTKD3;
				GENERATE_INFOPLIST_FILE = YES;
				INFOPLIST_FILE = "fodamy-baki/Info.plist";
				INFOPLIST_KEY_UIApplicationSupportsIndirectInputEvents = YES;
				INFOPLIST_KEY_UILaunchStoryboardName = LaunchScreen;
				INFOPLIST_KEY_UISupportedInterfaceOrientations_iPad = "UIInterfaceOrientationPortrait UIInterfaceOrientationPortraitUpsideDown UIInterfaceOrientationLandscapeLeft UIInterfaceOrientationLandscapeRight";
				INFOPLIST_KEY_UISupportedInterfaceOrientations_iPhone = "UIInterfaceOrientationPortrait UIInterfaceOrientationLandscapeLeft UIInterfaceOrientationLandscapeRight";
				IPHONEOS_DEPLOYMENT_TARGET = 11.0;
				LD_RUNPATH_SEARCH_PATHS = (
					"$(inherited)",
					"@executable_path/Frameworks",
				);
				MARKETING_VERSION = 1.0;
				PRODUCT_BUNDLE_IDENTIFIER = "UmitBakiDikbiyik.fodamy-baki";
				PRODUCT_NAME = "$(TARGET_NAME)";
				SWIFT_EMIT_LOC_STRINGS = YES;
				SWIFT_OBJC_BRIDGING_HEADER = "fodamy-baki/AppDelegate/fodamy-baki-Bridging-Header.h";
				SWIFT_OPTIMIZATION_LEVEL = "-Onone";
				SWIFT_VERSION = 5.0;
				TARGETED_DEVICE_FAMILY = "1,2";
			};
			name = Debug;
		};
		FA0A2F302962BB58004E82C6 /* Release */ = {
			isa = XCBuildConfiguration;
			baseConfigurationReference = 25BDDC996CC07DD40221D168 /* Pods-fodamy-baki.release.xcconfig */;
			buildSettings = {
				ASSETCATALOG_COMPILER_APPICON_NAME = AppIcon;
				ASSETCATALOG_COMPILER_GLOBAL_ACCENT_COLOR_NAME = AccentColor;
				CLANG_ENABLE_MODULES = YES;
				CODE_SIGN_STYLE = Automatic;
				CURRENT_PROJECT_VERSION = 1;
				DEVELOPMENT_TEAM = 6KBC8FTKD3;
				GENERATE_INFOPLIST_FILE = YES;
				INFOPLIST_FILE = "fodamy-baki/Info.plist";
				INFOPLIST_KEY_UIApplicationSupportsIndirectInputEvents = YES;
				INFOPLIST_KEY_UILaunchStoryboardName = LaunchScreen;
				INFOPLIST_KEY_UISupportedInterfaceOrientations_iPad = "UIInterfaceOrientationPortrait UIInterfaceOrientationPortraitUpsideDown UIInterfaceOrientationLandscapeLeft UIInterfaceOrientationLandscapeRight";
				INFOPLIST_KEY_UISupportedInterfaceOrientations_iPhone = "UIInterfaceOrientationPortrait UIInterfaceOrientationLandscapeLeft UIInterfaceOrientationLandscapeRight";
				IPHONEOS_DEPLOYMENT_TARGET = 11.0;
				LD_RUNPATH_SEARCH_PATHS = (
					"$(inherited)",
					"@executable_path/Frameworks",
				);
				MARKETING_VERSION = 1.0;
				PRODUCT_BUNDLE_IDENTIFIER = "UmitBakiDikbiyik.fodamy-baki";
				PRODUCT_NAME = "$(TARGET_NAME)";
				SWIFT_EMIT_LOC_STRINGS = YES;
				SWIFT_OBJC_BRIDGING_HEADER = "fodamy-baki/AppDelegate/fodamy-baki-Bridging-Header.h";
				SWIFT_VERSION = 5.0;
				TARGETED_DEVICE_FAMILY = "1,2";
			};
			name = Release;
		};
/* End XCBuildConfiguration section */

/* Begin XCConfigurationList section */
		FA0A2F152962BB56004E82C6 /* Build configuration list for PBXProject "fodamy-baki" */ = {
			isa = XCConfigurationList;
			buildConfigurations = (
				FA0A2F2C2962BB58004E82C6 /* Debug */,
				FA0A2F2D2962BB58004E82C6 /* Release */,
			);
			defaultConfigurationIsVisible = 0;
			defaultConfigurationName = Release;
		};
		FA0A2F2E2962BB58004E82C6 /* Build configuration list for PBXNativeTarget "fodamy-baki" */ = {
			isa = XCConfigurationList;
			buildConfigurations = (
				FA0A2F2F2962BB58004E82C6 /* Debug */,
				FA0A2F302962BB58004E82C6 /* Release */,
			);
			defaultConfigurationIsVisible = 0;
			defaultConfigurationName = Release;
		};
/* End XCConfigurationList section */
	};
	rootObject = FA0A2F122962BB56004E82C6 /* Project object */;
}
